{
  "projects": [
    {
      "projectId": "6YiyRhrJG8k4oshJt9qM8h",
      "version": "latest",
      "dependencies": {},
      "lang": "js",
      "fileLocks": [
        {
          "type": "globalVariant",
          "assetId": "gF7mjxrJtQop",
          "checksum": "9d8f904c560cf37a9ea1d6b609d181ab"
        },
        {
          "assetId": "6YiyRhrJG8k4oshJt9qM8h",
          "type": "projectCss",
          "checksum": "7a14d8c9ee095a6ff1d2fea6e2820adb"
        },
        {
          "type": "renderModule",
          "assetId": "owzX4fJUEPvk",
          "checksum": "52a7d4329f603ed36f5dbb2ba0b1ea62"
        },
        {
          "type": "cssRules",
          "assetId": "owzX4fJUEPvk",
          "checksum": "52a7d4329f603ed36f5dbb2ba0b1ea62"
        },
        {
          "type": "renderModule",
          "assetId": "VHOVhgYG8Cvt",
          "checksum": "36ca1715fef560e3bcc07d8568fa719f"
        },
        {
          "type": "cssRules",
          "assetId": "VHOVhgYG8Cvt",
          "checksum": "36ca1715fef560e3bcc07d8568fa719f"
        },
        {
          "type": "renderModule",
          "assetId": "lNSLCN8jgD4d",
          "checksum": "e843bbb5b5414a05ae59d923b998a28e"
        },
        {
          "type": "cssRules",
          "assetId": "lNSLCN8jgD4d",
          "checksum": "e843bbb5b5414a05ae59d923b998a28e"
        },
        {
          "type": "renderModule",
          "assetId": "8jUqIGC2DEh-",
          "checksum": "539230555ddcd6d04359cba84d65ac17"
        },
        {
          "type": "cssRules",
          "assetId": "8jUqIGC2DEh-",
          "checksum": "539230555ddcd6d04359cba84d65ac17"
        },
        {
          "type": "renderModule",
          "assetId": "UKlMF065Wjna",
          "checksum": "48495f55371752877aca1470d02dd0e3"
        },
        {
          "type": "cssRules",
          "assetId": "UKlMF065Wjna",
          "checksum": "48495f55371752877aca1470d02dd0e3"
        },
        {
          "type": "renderModule",
          "assetId": "IfIzVymwJ0kW",
          "checksum": "d373dcf0845ce1504405320fef7845b7"
        },
        {
          "type": "cssRules",
          "assetId": "IfIzVymwJ0kW",
          "checksum": "d373dcf0845ce1504405320fef7845b7"
        },
        {
          "type": "renderModule",
          "assetId": "eUMz2QfVkhMx",
          "checksum": "8795ee3f48c4218530de6e09abd0a3c6"
        },
        {
          "type": "cssRules",
          "assetId": "eUMz2QfVkhMx",
          "checksum": "8795ee3f48c4218530de6e09abd0a3c6"
        },
        {
          "type": "renderModule",
          "assetId": "bwUVVQjpu1Jc",
          "checksum": "0c47021187b3b878f481ce5dbb49e37c"
        },
        {
          "type": "cssRules",
          "assetId": "bwUVVQjpu1Jc",
          "checksum": "0c47021187b3b878f481ce5dbb49e37c"
        },
        {
          "type": "renderModule",
          "assetId": "ahu8V98WRGY9",
          "checksum": "2b5daed2be73deaa7cad0cc30bc578d5"
        },
        {
          "type": "cssRules",
          "assetId": "ahu8V98WRGY9",
          "checksum": "2b5daed2be73deaa7cad0cc30bc578d5"
        },
        {
          "type": "renderModule",
          "assetId": "NlCcq-oAdX0V",
          "checksum": "d07422d659693faeb34a4d78a57d433a"
        },
        {
          "type": "cssRules",
          "assetId": "NlCcq-oAdX0V",
          "checksum": "d07422d659693faeb34a4d78a57d433a"
        },
        {
          "type": "renderModule",
          "assetId": "GO1AOeLbwLRK",
          "checksum": "d780dbc5835aa332d4fd53e9cb8819dc"
        },
        {
          "type": "cssRules",
          "assetId": "GO1AOeLbwLRK",
          "checksum": "d780dbc5835aa332d4fd53e9cb8819dc"
        },
        {
          "type": "icon",
          "assetId": "QvcXjIO35_I_",
          "checksum": "a02bbc0a76ddb496cedc5a10156e815a"
        },
        {
          "type": "icon",
          "assetId": "Y5kphoVbIZK9",
          "checksum": "f4252ee69df62a6989ecc81fb4ac2713"
        },
        {
          "type": "icon",
          "assetId": "qBulyQznH94H",
          "checksum": "1e80a4bcea1d52a6a7fcde0f2a622986"
        },
        {
          "type": "icon",
          "assetId": "YbTJ3ohArd31",
          "checksum": "33a6be7ab38ac91ff27c2c425168c972"
        },
        {
          "type": "icon",
          "assetId": "Pi_EyshLelby",
          "checksum": "ef8a74f1d4b78a4d2ec976433820b249"
        },
        {
          "type": "icon",
          "assetId": "uqSBiDk0U7HJ",
          "checksum": "44e56aeb52276daaa7447f0e6488c5f8"
        },
        {
          "type": "icon",
          "assetId": "ZlQrqAmjbjkg",
          "checksum": "071fbd0c80279fe86cb9dcc6310c0077"
        },
        {
          "type": "icon",
          "assetId": "GIHL97ZfLKN_",
          "checksum": "15984fd2e886cc3d24942246394cb04a"
        },
        {
          "type": "icon",
          "assetId": "oaYXM6KemcsW",
          "checksum": "9f3acbf7c217f2db689354bf4f96330b"
        },
        {
          "type": "image",
          "assetId": "PpPQES5yCqbb",
          "checksum": "f4533ed7f91b0ee5037bdecdaad3efc8"
        },
        {
          "type": "image",
          "assetId": "r_d_Fw-aQAYr",
          "checksum": "99d16b7d8f238c88589b988deed05a18"
        },
        {
          "type": "image",
          "assetId": "jjXvPm6AruEV",
          "checksum": "2024671c56fb9e0ae46d6d49de5c63f3"
        },
        {
          "type": "image",
          "assetId": "gDsqORi3QkFN",
          "checksum": "5b905eecb0a20ec7019509506142e903"
        },
        {
          "type": "image",
          "assetId": "CXT3tTvjCkM7",
          "checksum": "ffb9865f2c636d1cf1120ee2fe59114e"
        },
        {
          "type": "image",
          "assetId": "zXJCxHvTG_mk",
          "checksum": "bb63da543f6118a60ece19bcefa1426a"
        },
        {
          "type": "image",
          "assetId": "eKO6xlcb71E3",
          "checksum": "11e472b892c1bf6de802ca09f20fb2c4"
        },
        {
          "type": "image",
          "assetId": "qRubbWC2TOy6",
          "checksum": "d3da95e967c92796c65afa3c9b862919"
        },
        {
          "type": "image",
          "assetId": "IRk2vAQCm7m_",
          "checksum": "76ec51852d2c4bf51a15cdd260e0a27e"
        },
        {
          "type": "image",
          "assetId": "aH5aufQ_Zd3V",
          "checksum": "ce218149270abdc77ef69a921a544cea"
        },
        {
          "type": "image",
          "assetId": "_fiHjFUdMXIV",
          "checksum": "f04dd46a30f43895c1c856cde0e747f4"
        },
        {
          "type": "image",
          "assetId": "Iv21W14sl11Q",
          "checksum": "91eeb9ac19f992e62c6f9365276c8b66"
        },
        {
          "type": "image",
          "assetId": "xo_FcI6PRmcZ",
          "checksum": "f072971d821ff0c659eab0b127275ea1"
        },
        {
          "type": "image",
          "assetId": "cDMncGh8M3Vc",
          "checksum": "0ddcf68fad02993dcfd92b5863fa07e3"
        },
        {
          "type": "image",
          "assetId": "9LF0OcLXHwud",
          "checksum": "12bf02577371bdbc75bfce3d94835e19"
        },
        {
          "type": "image",
          "assetId": "7gZCeJoecA33",
          "checksum": "0adaa55d4aeb4e69fe7e125763013f67"
        },
        {
          "type": "image",
          "assetId": "0sK_5DqO12nY",
          "checksum": "25d2facf0529db5cb92146c19df0512f"
        },
        {
          "type": "image",
          "assetId": "Xh5zZ1c1PjOB",
          "checksum": "a96276e1994b065505b4b1c918230a0f"
        },
        {
          "type": "image",
          "assetId": "Rpi2Y3FybjE8",
          "checksum": "cb3b94c563dcf8fdd7bbcb244f9e9adc"
        },
        {
          "type": "image",
          "assetId": "udMoH_FXSONG",
          "checksum": "23fce3142b1f13ca52c91d05b3d6cba5"
        },
        {
          "type": "image",
          "assetId": "4YqxJ9mwZU4B",
          "checksum": "1ff6c7915945308d36f80a6c58c6310e"
        },
        {
          "type": "image",
          "assetId": "HGxFQ2XBnRrh",
          "checksum": "ceac579adad10bced09f94abf65c4b90"
        },
        {
          "type": "image",
          "assetId": "Um8t4cSSS3lx",
          "checksum": "ce70115d1c7db854cf038fc770e0de89"
        },
        {
          "type": "image",
          "assetId": "7K3ox7glOuyQ",
          "checksum": "1d1d874b054e4da15538104e17ce9ba0"
        },
        {
          "type": "image",
          "assetId": "Yjmb47iKsvZ-",
          "checksum": "395e2778b81de307874661ce241c4eef"
        },
        {
          "type": "image",
          "assetId": "jXlQvrDWEQCl",
          "checksum": "4bc59e5cbaa898e8c9fa8461e725cb95"
        },
        {
          "type": "image",
          "assetId": "Na55R5krVk5Z",
          "checksum": "2325e792c58418fb54377ba48860e5bc"
        },
        {
          "type": "image",
          "assetId": "u8rOlkdPCeF7",
          "checksum": "a3c07b7f7b62eea3d183abb85c88b7f3"
        },
        {
          "type": "image",
          "assetId": "5pTTe7SzDTMo",
          "checksum": "2ddac8223de9d5199a5e80a7d8f8074c"
        },
        {
          "type": "image",
          "assetId": "yGMtYrQvjVml",
          "checksum": "98a9cb8277c289621fa600756bb1027b"
        },
        {
          "type": "image",
          "assetId": "MFU2o5VeI2aA",
          "checksum": "b77f1e16a346290b5a5f2ca667bf8768"
        },
        {
          "type": "image",
          "assetId": "TmnbO_LcuI5w",
          "checksum": "d2d428f42a656f685b8a3d55a2bae579"
        },
        {
          "type": "image",
          "assetId": "nhoLpmi5kQLc",
          "checksum": "71822be3c8bc709680e8589f94ca0338"
        },
        {
          "type": "image",
          "assetId": "J-QOh_yuP1Wg",
          "checksum": "175ef9c1be9f5f7e0a6904d4d72b6381"
        },
        {
          "type": "image",
          "assetId": "M0Ar9JYgf6bw",
          "checksum": "40a059a1fc00ff87746db7fb0ecf5361"
        },
        {
          "type": "image",
          "assetId": "8LXD0OXP6Y6J",
          "checksum": "9a84589df700b5ea1b2d1dcd275f8dd9"
        },
        {
          "type": "image",
          "assetId": "rXpX0Kj_kcbv",
          "checksum": "149f6cdf0f2ac639e056f031516f9c50"
        }
      ],
      "codegenVersion": "0.0.1"
    }
  ],
  "cliVersion": "0.1.334"
}
